
Microsoft Visual Studio Solution File, Format Version 12.00
# Visual Studio Version 17
VisualStudioVersion = 17.4.33213.308
MinimumVisualStudioVersion = 10.0.40219.1
Project("{2150E333-8FDC-42A3-9474-1A3956D46DE8}") = "index.html", "index.html", "{868F9E48-436A-4DBC-B7C2-9D1EAABEEEA4}"
	ProjectSection(SolutionItems) = preProject
		..\..\..\OneDrive\Bureau\HTMLPage1.html = ..\..\..\OneDrive\Bureau\HTMLPage1.html
		StyleSheet1.css = StyleSheet1.css
	EndProjectSection
EndProject
Global
	GlobalSection(SolutionProperties) = preSolution
		HideSolutionNode = FALSE
	EndGlobalSection
	GlobalSection(ExtensibilityGlobals) = postSolution
		SolutionGuid = {80BEE2E5-9F4E-48CF-BF31-ADD89528574C}
	EndGlobalSection
EndGlobal
